// !$*UTF8*$!
{
	archiveVersion = 1;
	classes = {
	};
	objectVersion = 77;
	objects = {

/* Begin PBXBuildFile section */
		4322EB30E55EA005CE51761A /* Pods_newsFeedTest_newsFeedTestUITests.framework in Frameworks */ = {isa = PBXBuildFile; fileRef = AA0F21B0CEFD5A1AEA5B22F6 /* Pods_newsFeedTest_newsFeedTestUITests.framework */; };
		90BE1A30A20707257D1273A0 /* Pods_newsFeedTest.framework in Frameworks */ = {isa = PBXBuildFile; fileRef = CFDD9B5163EE8A98AB94DD68 /* Pods_newsFeedTest.framework */; };
		F9628369ED72CD8A64684220 /* Pods_newsFeedTestTests.framework in Frameworks */ = {isa = PBXBuildFile; fileRef = EAB1E039406CD6299A69B745 /* Pods_newsFeedTestTests.framework */; };
/* End PBXBuildFile section */

/* Begin PBXContainerItemProxy section */
		34929D322DDDBB6000FA1E58 /* PBXContainerItemProxy */ = {
			isa = PBXContainerItemProxy;
			containerPortal = 34929D0E2DDDBB5E00FA1E58 /* Project object */;
			proxyType = 1;
			remoteGlobalIDString = 34929D152DDDBB5E00FA1E58;
			remoteInfo = newsFeedTest;
		};
		34929D3C2DDDBB6000FA1E58 /* PBXContainerItemProxy */ = {
			isa = PBXContainerItemProxy;
			containerPortal = 34929D0E2DDDBB5E00FA1E58 /* Project object */;
			proxyType = 1;
			remoteGlobalIDString = 34929D152DDDBB5E00FA1E58;
			remoteInfo = newsFeedTest;
		};
/* End PBXContainerItemProxy section */

/* Begin PBXFileReference section */
		096DF08DA233BB8E84DDDA8C /* Pods-newsFeedTest-newsFeedTestUITests.release.xcconfig */ = {isa = PBXFileReference; includeInIndex = 1; lastKnownFileType = text.xcconfig; name = "Pods-newsFeedTest-newsFeedTestUITests.release.xcconfig"; path = "Target Support Files/Pods-newsFeedTest-newsFeedTestUITests/Pods-newsFeedTest-newsFeedTestUITests.release.xcconfig"; sourceTree = "<group>"; };
		34929D162DDDBB5E00FA1E58 /* newsFeedTest.app */ = {isa = PBXFileReference; explicitFileType = wrapper.application; includeInIndex = 0; path = newsFeedTest.app; sourceTree = BUILT_PRODUCTS_DIR; };
		34929D312DDDBB6000FA1E58 /* newsFeedTestTests.xctest */ = {isa = PBXFileReference; explicitFileType = wrapper.cfbundle; includeInIndex = 0; path = newsFeedTestTests.xctest; sourceTree = BUILT_PRODUCTS_DIR; };
		34929D3B2DDDBB6000FA1E58 /* newsFeedTestUITests.xctest */ = {isa = PBXFileReference; explicitFileType = wrapper.cfbundle; includeInIndex = 0; path = newsFeedTestUITests.xctest; sourceTree = BUILT_PRODUCTS_DIR; };
		3DFA03BBA374DB982AB13602 /* Pods-newsFeedTest-newsFeedTestUITests.debug.xcconfig */ = {isa = PBXFileReference; includeInIndex = 1; lastKnownFileType = text.xcconfig; name = "Pods-newsFeedTest-newsFeedTestUITests.debug.xcconfig"; path = "Target Support Files/Pods-newsFeedTest-newsFeedTestUITests/Pods-newsFeedTest-newsFeedTestUITests.debug.xcconfig"; sourceTree = "<group>"; };
		89CA0A9758E4EB37045FAAD4 /* Pods-newsFeedTest.debug.xcconfig */ = {isa = PBXFileReference; includeInIndex = 1; lastKnownFileType = text.xcconfig; name = "Pods-newsFeedTest.debug.xcconfig"; path = "Target Support Files/Pods-newsFeedTest/Pods-newsFeedTest.debug.xcconfig"; sourceTree = "<group>"; };
		A6759D6AD4FC0C7415194E8A /* Pods-newsFeedTestTests.release.xcconfig */ = {isa = PBXFileReference; includeInIndex = 1; lastKnownFileType = text.xcconfig; name = "Pods-newsFeedTestTests.release.xcconfig"; path = "Target Support Files/Pods-newsFeedTestTests/Pods-newsFeedTestTests.release.xcconfig"; sourceTree = "<group>"; };
		AA0F21B0CEFD5A1AEA5B22F6 /* Pods_newsFeedTest_newsFeedTestUITests.framework */ = {isa = PBXFileReference; explicitFileType = wrapper.framework; includeInIndex = 0; path = Pods_newsFeedTest_newsFeedTestUITests.framework; sourceTree = BUILT_PRODUCTS_DIR; };
		CFDD9B5163EE8A98AB94DD68 /* Pods_newsFeedTest.framework */ = {isa = PBXFileReference; explicitFileType = wrapper.framework; includeInIndex = 0; path = Pods_newsFeedTest.framework; sourceTree = BUILT_PRODUCTS_DIR; };
		E631315D433CB955642A1971 /* Pods-newsFeedTestTests.debug.xcconfig */ = {isa = PBXFileReference; includeInIndex = 1; lastKnownFileType = text.xcconfig; name = "Pods-newsFeedTestTests.debug.xcconfig"; path = "Target Support Files/Pods-newsFeedTestTests/Pods-newsFeedTestTests.debug.xcconfig"; sourceTree = "<group>"; };
		EA796A188714C61844EE0214 /* Pods-newsFeedTest.release.xcconfig */ = {isa = PBXFileReference; includeInIndex = 1; lastKnownFileType = text.xcconfig; name = "Pods-newsFeedTest.release.xcconfig"; path = "Target Support Files/Pods-newsFeedTest/Pods-newsFeedTest.release.xcconfig"; sourceTree = "<group>"; };
		EAB1E039406CD6299A69B745 /* Pods_newsFeedTestTests.framework */ = {isa = PBXFileReference; explicitFileType = wrapper.framework; includeInIndex = 0; path = Pods_newsFeedTestTests.framework; sourceTree = BUILT_PRODUCTS_DIR; };
/* End PBXFileReference section */

/* Begin PBXFileSystemSynchronizedBuildFileExceptionSet section */
		34929D432DDDBB6000FA1E58 /* Exceptions for "newsFeedTest" folder in "newsFeedTest" target */ = {
			isa = PBXFileSystemSynchronizedBuildFileExceptionSet;
			membershipExceptions = (
				Info.plist,
			);
			target = 34929D152DDDBB5E00FA1E58 /* newsFeedTest */;
		};
/* End PBXFileSystemSynchronizedBuildFileExceptionSet section */

/* Begin PBXFileSystemSynchronizedRootGroup section */
		34929D182DDDBB5E00FA1E58 /* newsFeedTest */ = {
			isa = PBXFileSystemSynchronizedRootGroup;
			exceptions = (
				34929D432DDDBB6000FA1E58 /* Exceptions for "newsFeedTest" folder in "newsFeedTest" target */,
			);
			path = newsFeedTest;
			sourceTree = "<group>";
		};
		34929D342DDDBB6000FA1E58 /* newsFeedTestTests */ = {
			isa = PBXFileSystemSynchronizedRootGroup;
			path = newsFeedTestTests;
			sourceTree = "<group>";
		};
		34929D3E2DDDBB6000FA1E58 /* newsFeedTestUITests */ = {
			isa = PBXFileSystemSynchronizedRootGroup;
			path = newsFeedTestUITests;
			sourceTree = "<group>";
		};
/* End PBXFileSystemSynchronizedRootGroup section */

/* Begin PBXFrameworksBuildPhase section */
		34929D132DDDBB5E00FA1E58 /* Frameworks */ = {
			isa = PBXFrameworksBuildPhase;
			buildActionMask = 2147483647;
			files = (
				90BE1A30A20707257D1273A0 /* Pods_newsFeedTest.framework in Frameworks */,
			);
			runOnlyForDeploymentPostprocessing = 0;
		};
		34929D2E2DDDBB6000FA1E58 /* Frameworks */ = {
			isa = PBXFrameworksBuildPhase;
			buildActionMask = 2147483647;
			files = (
				F9628369ED72CD8A64684220 /* Pods_newsFeedTestTests.framework in Frameworks */,
			);
			runOnlyForDeploymentPostprocessing = 0;
		};
		34929D382DDDBB6000FA1E58 /* Frameworks */ = {
			isa = PBXFrameworksBuildPhase;
			buildActionMask = 2147483647;
			files = (
				4322EB30E55EA005CE51761A /* Pods_newsFeedTest_newsFeedTestUITests.framework in Frameworks */,
			);
			runOnlyForDeploymentPostprocessing = 0;
		};
/* End PBXFrameworksBuildPhase section */

/* Begin PBXGroup section */
		34929D0D2DDDBB5E00FA1E58 = {
			isa = PBXGroup;
			children = (
				34929D182DDDBB5E00FA1E58 /* newsFeedTest */,
				34929D342DDDBB6000FA1E58 /* newsFeedTestTests */,
				34929D3E2DDDBB6000FA1E58 /* newsFeedTestUITests */,
				34929D172DDDBB5E00FA1E58 /* Products */,
				9FBFAC726D4CF17D4CE147AB /* Pods */,
				BD53E2192198C87006EE4B47 /* Frameworks */,
			);
			sourceTree = "<group>";
		};
		34929D172DDDBB5E00FA1E58 /* Products */ = {
			isa = PBXGroup;
			children = (
				34929D162DDDBB5E00FA1E58 /* newsFeedTest.app */,
				34929D312DDDBB6000FA1E58 /* newsFeedTestTests.xctest */,
				34929D3B2DDDBB6000FA1E58 /* newsFeedTestUITests.xctest */,
			);
			name = Products;
			sourceTree = "<group>";
		};
		9FBFAC726D4CF17D4CE147AB /* Pods */ = {
			isa = PBXGroup;
			children = (
				89CA0A9758E4EB37045FAAD4 /* Pods-newsFeedTest.debug.xcconfig */,
				EA796A188714C61844EE0214 /* Pods-newsFeedTest.release.xcconfig */,
				3DFA03BBA374DB982AB13602 /* Pods-newsFeedTest-newsFeedTestUITests.debug.xcconfig */,
				096DF08DA233BB8E84DDDA8C /* Pods-newsFeedTest-newsFeedTestUITests.release.xcconfig */,
				E631315D433CB955642A1971 /* Pods-newsFeedTestTests.debug.xcconfig */,
				A6759D6AD4FC0C7415194E8A /* Pods-newsFeedTestTests.release.xcconfig */,
			);
			path = Pods;
			sourceTree = "<group>";
		};
		BD53E2192198C87006EE4B47 /* Frameworks */ = {
			isa = PBXGroup;
			children = (
				CFDD9B5163EE8A98AB94DD68 /* Pods_newsFeedTest.framework */,
				AA0F21B0CEFD5A1AEA5B22F6 /* Pods_newsFeedTest_newsFeedTestUITests.framework */,
				EAB1E039406CD6299A69B745 /* Pods_newsFeedTestTests.framework */,
			);
			name = Frameworks;
			sourceTree = "<group>";
		};
/* End PBXGroup section */

/* Begin PBXNativeTarget section */
		34929D152DDDBB5E00FA1E58 /* newsFeedTest */ = {
			isa = PBXNativeTarget;
			buildConfigurationList = 34929D442DDDBB6000FA1E58 /* Build configuration list for PBXNativeTarget "newsFeedTest" */;
			buildPhases = (
				946DE365CE9A4F94546E8079 /* [CP] Check Pods Manifest.lock */,
				34929D122DDDBB5E00FA1E58 /* Sources */,
				34929D132DDDBB5E00FA1E58 /* Frameworks */,
				34929D142DDDBB5E00FA1E58 /* Resources */,
				652203BC075E24110ACB209A /* [CP] Embed Pods Frameworks */,
			);
			buildRules = (
			);
			dependencies = (
			);
			fileSystemSynchronizedGroups = (
				34929D182DDDBB5E00FA1E58 /* newsFeedTest */,
			);
			name = newsFeedTest;
			productName = newsFeedTest;
			productReference = 34929D162DDDBB5E00FA1E58 /* newsFeedTest.app */;
			productType = "com.apple.product-type.application";
		};
		34929D302DDDBB6000FA1E58 /* newsFeedTestTests */ = {
			isa = PBXNativeTarget;
			buildConfigurationList = 34929D492DDDBB6000FA1E58 /* Build configuration list for PBXNativeTarget "newsFeedTestTests" */;
			buildPhases = (
				4FF709284257812762E28DB9 /* [CP] Check Pods Manifest.lock */,
				34929D2D2DDDBB6000FA1E58 /* Sources */,
				34929D2E2DDDBB6000FA1E58 /* Frameworks */,
				34929D2F2DDDBB6000FA1E58 /* Resources */,
			);
			buildRules = (
			);
			dependencies = (
				34929D332DDDBB6000FA1E58 /* PBXTargetDependency */,
			);
			fileSystemSynchronizedGroups = (
				34929D342DDDBB6000FA1E58 /* newsFeedTestTests */,
			);
			name = newsFeedTestTests;
			productName = newsFeedTestTests;
			productReference = 34929D312DDDBB6000FA1E58 /* newsFeedTestTests.xctest */;
			productType = "com.apple.product-type.bundle.unit-test";
		};
		34929D3A2DDDBB6000FA1E58 /* newsFeedTestUITests */ = {
			isa = PBXNativeTarget;
			buildConfigurationList = 34929D4C2DDDBB6000FA1E58 /* Build configuration list for PBXNativeTarget "newsFeedTestUITests" */;
			buildPhases = (
				24E2B39D7E1B2CE009556BBB /* [CP] Check Pods Manifest.lock */,
				34929D372DDDBB6000FA1E58 /* Sources */,
				34929D382DDDBB6000FA1E58 /* Frameworks */,
				34929D392DDDBB6000FA1E58 /* Resources */,
				FD7FA5E218E87F9F029FC1E7 /* [CP] Embed Pods Frameworks */,
			);
			buildRules = (
			);
			dependencies = (
				34929D3D2DDDBB6000FA1E58 /* PBXTargetDependency */,
			);
			fileSystemSynchronizedGroups = (
				34929D3E2DDDBB6000FA1E58 /* newsFeedTestUITests */,
			);
			name = newsFeedTestUITests;
			productName = newsFeedTestUITests;
			productReference = 34929D3B2DDDBB6000FA1E58 /* newsFeedTestUITests.xctest */;
			productType = "com.apple.product-type.bundle.ui-testing";
		};
/* End PBXNativeTarget section */

/* Begin PBXProject section */
		34929D0E2DDDBB5E00FA1E58 /* Project object */ = {
			isa = PBXProject;
			attributes = {
				BuildIndependentTargetsInParallel = 1;
				LastUpgradeCheck = 1630;
				TargetAttributes = {
					34929D152DDDBB5E00FA1E58 = {
						CreatedOnToolsVersion = 16.3;
					};
					34929D302DDDBB6000FA1E58 = {
						CreatedOnToolsVersion = 16.3;
						TestTargetID = 34929D152DDDBB5E00FA1E58;
					};
					34929D3A2DDDBB6000FA1E58 = {
						CreatedOnToolsVersion = 16.3;
						TestTargetID = 34929D152DDDBB5E00FA1E58;
					};
				};
			};
			buildConfigurationList = 34929D112DDDBB5E00FA1E58 /* Build configuration list for PBXProject "newsFeedTest" */;
			developmentRegion = en;
			hasScannedForEncodings = 0;
			knownRegions = (
				en,
				Base,
			);
			mainGroup = 34929D0D2DDDBB5E00FA1E58;
			minimizedProjectReferenceProxies = 1;
			preferredProjectObjectVersion = 77;
			productRefGroup = 34929D172DDDBB5E00FA1E58 /* Products */;
			projectDirPath = "";
			projectRoot = "";
			targets = (
				34929D152DDDBB5E00FA1E58 /* newsFeedTest */,
				34929D302DDDBB6000FA1E58 /* newsFeedTestTests */,
				34929D3A2DDDBB6000FA1E58 /* newsFeedTestUITests */,
			);
		};
/* End PBXProject section */

/* Begin PBXResourcesBuildPhase section */
		34929D142DDDBB5E00FA1E58 /* Resources */ = {
			isa = PBXResourcesBuildPhase;
			buildActionMask = 2147483647;
			files = (
			);
			runOnlyForDeploymentPostprocessing = 0;
		};
		34929D2F2DDDBB6000FA1E58 /* Resources */ = {
			isa = PBXResourcesBuildPhase;
			buildActionMask = 2147483647;
			files = (
			);
			runOnlyForDeploymentPostprocessing = 0;
		};
		34929D392DDDBB6000FA1E58 /* Resources */ = {
			isa = PBXResourcesBuildPhase;
			buildActionMask = 2147483647;
			files = (
			);
			runOnlyForDeploymentPostprocessing = 0;
		};
/* End PBXResourcesBuildPhase section */

/* Begin PBXShellScriptBuildPhase section */
		24E2B39D7E1B2CE009556BBB /* [CP] Check Pods Manifest.lock */ = {
			isa = PBXShellScriptBuildPhase;
			buildActionMask = 2147483647;
			files = (
			);
			inputFileListPaths = (
			);
			inputPaths = (
				"${PODS_PODFILE_DIR_PATH}/Podfile.lock",
				"${PODS_ROOT}/Manifest.lock",
			);
			name = "[CP] Check Pods Manifest.lock";
			outputFileListPaths = (
			);
			outputPaths = (
				"$(DERIVED_FILE_DIR)/Pods-newsFeedTest-newsFeedTestUITests-checkManifestLockResult.txt",
			);
			runOnlyForDeploymentPostprocessing = 0;
			shellPath = /bin/sh;
			shellScript = "diff \"${PODS_PODFILE_DIR_PATH}/Podfile.lock\" \"${PODS_ROOT}/Manifest.lock\" > /dev/null\nif [ $? != 0 ] ; then\n    # print error to STDERR\n    echo \"error: The sandbox is not in sync with the Podfile.lock. Run 'pod install' or update your CocoaPods installation.\" >&2\n    exit 1\nfi\n# This output is used by Xcode 'outputs' to avoid re-running this script phase.\necho \"SUCCESS\" > \"${SCRIPT_OUTPUT_FILE_0}\"\n";
			showEnvVarsInLog = 0;
		};
		4FF709284257812762E28DB9 /* [CP] Check Pods Manifest.lock */ = {
			isa = PBXShellScriptBuildPhase;
			buildActionMask = 2147483647;
			files = (
			);
			inputFileListPaths = (
			);
			inputPaths = (
				"${PODS_PODFILE_DIR_PATH}/Podfile.lock",
				"${PODS_ROOT}/Manifest.lock",
			);
			name = "[CP] Check Pods Manifest.lock";
			outputFileListPaths = (
			);
			outputPaths = (
				"$(DERIVED_FILE_DIR)/Pods-newsFeedTestTests-checkManifestLockResult.txt",
			);
			runOnlyForDeploymentPostprocessing = 0;
			shellPath = /bin/sh;
			shellScript = "diff \"${PODS_PODFILE_DIR_PATH}/Podfile.lock\" \"${PODS_ROOT}/Manifest.lock\" > /dev/null\nif [ $? != 0 ] ; then\n    # print error to STDERR\n    echo \"error: The sandbox is not in sync with the Podfile.lock. Run 'pod install' or update your CocoaPods installation.\" >&2\n    exit 1\nfi\n# This output is used by Xcode 'outputs' to avoid re-running this script phase.\necho \"SUCCESS\" > \"${SCRIPT_OUTPUT_FILE_0}\"\n";
			showEnvVarsInLog = 0;
		};
		652203BC075E24110ACB209A /* [CP] Embed Pods Frameworks */ = {
			isa = PBXShellScriptBuildPhase;
			buildActionMask = 2147483647;
			files = (
			);
			inputFileListPaths = (
				"${PODS_ROOT}/Target Support Files/Pods-newsFeedTest/Pods-newsFeedTest-frameworks-${CONFIGURATION}-input-files.xcfilelist",
			);
			inputPaths = (
			);
			name = "[CP] Embed Pods Frameworks";
			outputFileListPaths = (
				"${PODS_ROOT}/Target Support Files/Pods-newsFeedTest/Pods-newsFeedTest-frameworks-${CONFIGURATION}-output-files.xcfilelist",
			);
			outputPaths = (
			);
			runOnlyForDeploymentPostprocessing = 0;
			shellPath = /bin/sh;
			shellScript = "\"${PODS_ROOT}/Target Support Files/Pods-newsFeedTest/Pods-newsFeedTest-frameworks.sh\"\n";
			showEnvVarsInLog = 0;
		};
		946DE365CE9A4F94546E8079 /* [CP] Check Pods Manifest.lock */ = {
			isa = PBXShellScriptBuildPhase;
			buildActionMask = 2147483647;
			files = (
			);
			inputFileListPaths = (
			);
			inputPaths = (
				"${PODS_PODFILE_DIR_PATH}/Podfile.lock",
				"${PODS_ROOT}/Manifest.lock",
			);
			name = "[CP] Check Pods Manifest.lock";
			outputFileListPaths = (
			);
			outputPaths = (
				"$(DERIVED_FILE_DIR)/Pods-newsFeedTest-checkManifestLockResult.txt",
			);
			runOnlyForDeploymentPostprocessing = 0;
			shellPath = /bin/sh;
			shellScript = "diff \"${PODS_PODFILE_DIR_PATH}/Podfile.lock\" \"${PODS_ROOT}/Manifest.lock\" > /dev/null\nif [ $? != 0 ] ; then\n    # print error to STDERR\n    echo \"error: The sandbox is not in sync with the Podfile.lock. Run 'pod install' or update your CocoaPods installation.\" >&2\n    exit 1\nfi\n# This output is used by Xcode 'outputs' to avoid re-running this script phase.\necho \"SUCCESS\" > \"${SCRIPT_OUTPUT_FILE_0}\"\n";
			showEnvVarsInLog = 0;
		};
		FD7FA5E218E87F9F029FC1E7 /* [CP] Embed Pods Frameworks */ = {
			isa = PBXShellScriptBuildPhase;
			buildActionMask = 2147483647;
			files = (
			);
			inputFileListPaths = (
				"${PODS_ROOT}/Target Support Files/Pods-newsFeedTest-newsFeedTestUITests/Pods-newsFeedTest-newsFeedTestUITests-frameworks-${CONFIGURATION}-input-files.xcfilelist",
			);
			inputPaths = (
			);
			name = "[CP] Embed Pods Frameworks";
			outputFileListPaths = (
				"${PODS_ROOT}/Target Support Files/Pods-newsFeedTest-newsFeedTestUITests/Pods-newsFeedTest-newsFeedTestUITests-frameworks-${CONFIGURATION}-output-files.xcfilelist",
			);
			outputPaths = (
			);
			runOnlyForDeploymentPostprocessing = 0;
			shellPath = /bin/sh;
			shellScript = "\"${PODS_ROOT}/Target Support Files/Pods-newsFeedTest-newsFeedTestUITests/Pods-newsFeedTest-newsFeedTestUITests-frameworks.sh\"\n";
			showEnvVarsInLog = 0;
		};
/* End PBXShellScriptBuildPhase section */

/* Begin PBXSourcesBuildPhase section */
		34929D122DDDBB5E00FA1E58 /* Sources */ = {
			isa = PBXSourcesBuildPhase;
			buildActionMask = 2147483647;
			files = (
			);
			runOnlyForDeploymentPostprocessing = 0;
		};
		34929D2D2DDDBB6000FA1E58 /* Sources */ = {
			isa = PBXSourcesBuildPhase;
			buildActionMask = 2147483647;
			files = (
			);
			runOnlyForDeploymentPostprocessing = 0;
		};
		34929D372DDDBB6000FA1E58 /* Sources */ = {
			isa = PBXSourcesBuildPhase;
			buildActionMask = 2147483647;
			files = (
			);
			runOnlyForDeploymentPostprocessing = 0;
		};
/* End PBXSourcesBuildPhase section */

/* Begin PBXTargetDependency section */
		34929D332DDDBB6000FA1E58 /* PBXTargetDependency */ = {
			isa = PBXTargetDependency;
			target = 34929D152DDDBB5E00FA1E58 /* newsFeedTest */;
			targetProxy = 34929D322DDDBB6000FA1E58 /* PBXContainerItemProxy */;
		};
		34929D3D2DDDBB6000FA1E58 /* PBXTargetDependency */ = {
			isa = PBXTargetDependency;
			target = 34929D152DDDBB5E00FA1E58 /* newsFeedTest */;
			targetProxy = 34929D3C2DDDBB6000FA1E58 /* PBXContainerItemProxy */;
		};
/* End PBXTargetDependency section */

/* Begin XCBuildConfiguration section */
		34929D452DDDBB6000FA1E58 /* Debug */ = {
			isa = XCBuildConfiguration;
			baseConfigurationReference = 89CA0A9758E4EB37045FAAD4 /* Pods-newsFeedTest.debug.xcconfig */;
			buildSettings = {
				ASSETCATALOG_COMPILER_APPICON_NAME = AppIcon;
				ASSETCATALOG_COMPILER_GLOBAL_ACCENT_COLOR_NAME = AccentColor;
				CODE_SIGN_STYLE = Automatic;
				CURRENT_PROJECT_VERSION = 1;
				DEVELOPMENT_TEAM = RVJJ7NW374;
				ENABLE_USER_SCRIPT_SANDBOXING = NO;
				GENERATE_INFOPLIST_FILE = YES;
				INFOPLIST_FILE = newsFeedTest/Info.plist;
				INFOPLIST_KEY_UIApplicationSupportsIndirectInputEvents = YES;
				INFOPLIST_KEY_UILaunchStoryboardName = LaunchScreen;
				INFOPLIST_KEY_UIMainStoryboardFile = Main;
				INFOPLIST_KEY_UISupportedInterfaceOrientations_iPad = "UIInterfaceOrientationPortrait UIInterfaceOrientationPortraitUpsideDown UIInterfaceOrientationLandscapeLeft UIInterfaceOrientationLandscapeRight";
				INFOPLIST_KEY_UISupportedInterfaceOrientations_iPhone = "UIInterfaceOrientationPortrait UIInterfaceOrientationLandscapeLeft UIInterfaceOrientationLandscapeRight";
				LD_RUNPATH_SEARCH_PATHS = (
					"$(inherited)",
					"@executable_path/Frameworks",
				);
				MARKETING_VERSION = 1.0;
				PRODUCT_BUNDLE_IDENTIFIER = com.ks.newsFeedTest;
				PRODUCT_NAME = "$(TARGET_NAME)";
				SWIFT_EMIT_LOC_STRINGS = YES;
				TARGETED_DEVICE_FAMILY = "1,2";
			};
			name = Debug;
		};
		34929D462DDDBB6000FA1E58 /* Release */ = {
			isa = XCBuildConfiguration;
			baseConfigurationReference = EA796A188714C61844EE0214 /* Pods-newsFeedTest.release.xcconfig */;
			buildSettings = {
				ASSETCATALOG_COMPILER_APPICON_NAME = AppIcon;
				ASSETCATALOG_COMPILER_GLOBAL_ACCENT_COLOR_NAME = AccentColor;
				CODE_SIGN_STYLE = Automatic;
				CURRENT_PROJECT_VERSION = 1;
				DEVELOPMENT_TEAM = RVJJ7NW374;
				ENABLE_USER_SCRIPT_SANDBOXING = NO;
				GENERATE_INFOPLIST_FILE = YES;
				INFOPLIST_FILE = newsFeedTest/Info.plist;
				INFOPLIST_KEY_UIApplicationSupportsIndirectInputEvents = YES;
				INFOPLIST_KEY_UILaunchStoryboardName = LaunchScreen;
				INFOPLIST_KEY_UIMainStoryboardFile = Main;
				INFOPLIST_KEY_UISupportedInterfaceOrientations_iPad = "UIInterfaceOrientationPortrait UIInterfaceOrientationPortraitUpsideDown UIInterfaceOrientationLandscapeLeft UIInterfaceOrientationLandscapeRight";
				INFOPLIST_KEY_UISupportedInterfaceOrientations_iPhone = "UIInterfaceOrientationPortrait UIInterfaceOrientationLandscapeLeft UIInterfaceOrientationLandscapeRight";
				LD_RUNPATH_SEARCH_PATHS = (
					"$(inherited)",
					"@executable_path/Frameworks",
				);
				MARKETING_VERSION = 1.0;
				PRODUCT_BUNDLE_IDENTIFIER = com.ks.newsFeedTest;
				PRODUCT_NAME = "$(TARGET_NAME)";
				SWIFT_EMIT_LOC_STRINGS = YES;
				TARGETED_DEVICE_FAMILY = "1,2";
			};
			name = Release;
		};
		34929D472DDDBB6000FA1E58 /* Debug */ = {
			isa = XCBuildConfiguration;
			buildSettings = {
				ALWAYS_SEARCH_USER_PATHS = NO;
				ASSETCATALOG_COMPILER_GENERATE_SWIFT_ASSET_SYMBOL_EXTENSIONS = YES;
				CLANG_ANALYZER_NONNULL = YES;
				CLANG_ANALYZER_NUMBER_OBJECT_CONVERSION = YES_AGGRESSIVE;
				CLANG_CXX_LANGUAGE_STANDARD = "gnu++20";
				CLANG_ENABLE_MODULES = YES;
				CLANG_ENABLE_OBJC_ARC = YES;
				CLANG_ENABLE_OBJC_WEAK = YES;
				CLANG_WARN_BLOCK_CAPTURE_AUTORELEASING = YES;
				CLANG_WARN_BOOL_CONVERSION = YES;
				CLANG_WARN_COMMA = YES;
				CLANG_WARN_CONSTANT_CONVERSION = YES;
				CLANG_WARN_DEPRECATED_OBJC_IMPLEMENTATIONS = YES;
				CLANG_WARN_DIRECT_OBJC_ISA_USAGE = YES_ERROR;
				CLANG_WARN_DOCUMENTATION_COMMENTS = YES;
				CLANG_WARN_EMPTY_BODY = YES;
				CLANG_WARN_ENUM_CONVERSION = YES;
				CLANG_WARN_INFINITE_RECURSION = YES;
				CLANG_WARN_INT_CONVERSION = YES;
				CLANG_WARN_NON_LITERAL_NULL_CONVERSION = YES;
				CLANG_WARN_OBJC_IMPLICIT_RETAIN_SELF = YES;
				CLANG_WARN_OBJC_LITERAL_CONVERSION = YES;
				CLANG_WARN_OBJC_ROOT_CLASS = YES_ERROR;
				CLANG_WARN_QUOTED_INCLUDE_IN_FRAMEWORK_HEADER = YES;
				CLANG_WARN_RANGE_LOOP_ANALYSIS = YES;
				CLANG_WARN_STRICT_PROTOTYPES = YES;
				CLANG_WARN_SUSPICIOUS_MOVE = YES;
				CLANG_WARN_UNGUARDED_AVAILABILITY = YES_AGGRESSIVE;
				CLANG_WARN_UNREACHABLE_CODE = YES;
				CLANG_WARN__DUPLICATE_METHOD_MATCH = YES;
				COPY_PHASE_STRIP = NO;
				DEBUG_INFORMATION_FORMAT = dwarf;
				DEVELOPMENT_TEAM = RVJJ7NW374;
				ENABLE_STRICT_OBJC_MSGSEND = YES;
				ENABLE_TESTABILITY = YES;
				ENABLE_USER_SCRIPT_SANDBOXING = YES;
				GCC_C_LANGUAGE_STANDARD = gnu17;
				GCC_DYNAMIC_NO_PIC = NO;
				GCC_NO_COMMON_BLOCKS = YES;
				GCC_OPTIMIZATION_LEVEL = 0;
				GCC_PREPROCESSOR_DEFINITIONS = (
					"DEBUG=1",
					"$(inherited)",
				);
				GCC_WARN_64_TO_32_BIT_CONVERSION = YES;
				GCC_WARN_ABOUT_RETURN_TYPE = YES_ERROR;
				GCC_WARN_UNDECLARED_SELECTOR = YES;
				GCC_WARN_UNINITIALIZED_AUTOS = YES_AGGRESSIVE;
				GCC_WARN_UNUSED_FUNCTION = YES;
				GCC_WARN_UNUSED_VARIABLE = YES;
				IPHONEOS_DEPLOYMENT_TARGET = 18.4;
				LOCALIZATION_PREFERS_STRING_CATALOGS = YES;
				MTL_ENABLE_DEBUG_INFO = INCLUDE_SOURCE;
				MTL_FAST_MATH = YES;
				ONLY_ACTIVE_ARCH = YES;
				SDKROOT = iphoneos;
			};
			name = Debug;
		};
		34929D482DDDBB6000FA1E58 /* Release */ = {
			isa = XCBuildConfiguration;
			buildSettings = {
				ALWAYS_SEARCH_USER_PATHS = NO;
				ASSETCATALOG_COMPILER_GENERATE_SWIFT_ASSET_SYMBOL_EXTENSIONS = YES;
				CLANG_ANALYZER_NONNULL = YES;
				CLANG_ANALYZER_NUMBER_OBJECT_CONVERSION = YES_AGGRESSIVE;
				CLANG_CXX_LANGUAGE_STANDARD = "gnu++20";
				CLANG_ENABLE_MODULES = YES;
				CLANG_ENABLE_OBJC_ARC = YES;
				CLANG_ENABLE_OBJC_WEAK = YES;
				CLANG_WARN_BLOCK_CAPTURE_AUTORELEASING = YES;
				CLANG_WARN_BOOL_CONVERSION = YES;
				CLANG_WARN_COMMA = YES;
				CLANG_WARN_CONSTANT_CONVERSION = YES;
				CLANG_WARN_DEPRECATED_OBJC_IMPLEMENTATIONS = YES;
				CLANG_WARN_DIRECT_OBJC_ISA_USAGE = YES_ERROR;
				CLANG_WARN_DOCUMENTATION_COMMENTS = YES;
				CLANG_WARN_EMPTY_BODY = YES;
				CLANG_WARN_ENUM_CONVERSION = YES;
				CLANG_WARN_INFINITE_RECURSION = YES;
				CLANG_WARN_INT_CONVERSION = YES;
				CLANG_WARN_NON_LITERAL_NULL_CONVERSION = YES;
				CLANG_WARN_OBJC_IMPLICIT_RETAIN_SELF = YES;
				CLANG_WARN_OBJC_LITERAL_CONVERSION = YES;
				CLANG_WARN_OBJC_ROOT_CLASS = YES_ERROR;
				CLANG_WARN_QUOTED_INCLUDE_IN_FRAMEWORK_HEADER = YES;
				CLANG_WARN_RANGE_LOOP_ANALYSIS = YES;
				CLANG_WARN_STRICT_PROTOTYPES = YES;
				CLANG_WARN_SUSPICIOUS_MOVE = YES;
				CLANG_WARN_UNGUARDED_AVAILABILITY = YES_AGGRESSIVE;
				CLANG_WARN_UNREACHABLE_CODE = YES;
				CLANG_WARN__DUPLICATE_METHOD_MATCH = YES;
				COPY_PHASE_STRIP = NO;
				DEBUG_INFORMATION_FORMAT = "dwarf-with-dsym";
				DEVELOPMENT_TEAM = RVJJ7NW374;
				ENABLE_NS_ASSERTIONS = NO;
				ENABLE_STRICT_OBJC_MSGSEND = YES;
				ENABLE_USER_SCRIPT_SANDBOXING = YES;
				GCC_C_LANGUAGE_STANDARD = gnu17;
				GCC_NO_COMMON_BLOCKS = YES;
				GCC_WARN_64_TO_32_BIT_CONVERSION = YES;
				GCC_WARN_ABOUT_RETURN_TYPE = YES_ERROR;
				GCC_WARN_UNDECLARED_SELECTOR = YES;
				GCC_WARN_UNINITIALIZED_AUTOS = YES_AGGRESSIVE;
				GCC_WARN_UNUSED_FUNCTION = YES;
				GCC_WARN_UNUSED_VARIABLE = YES;
				IPHONEOS_DEPLOYMENT_TARGET = 18.4;
				LOCALIZATION_PREFERS_STRING_CATALOGS = YES;
				MTL_ENABLE_DEBUG_INFO = NO;
				MTL_FAST_MATH = YES;
				SDKROOT = iphoneos;
				VALIDATE_PRODUCT = YES;
			};
			name = Release;
		};
		34929D4A2DDDBB6000FA1E58 /* Debug */ = {
			isa = XCBuildConfiguration;
			baseConfigurationReference = E631315D433CB955642A1971 /* Pods-newsFeedTestTests.debug.xcconfig */;
			buildSettings = {
				BUNDLE_LOADER = "$(TEST_HOST)";
				CODE_SIGN_STYLE = Automatic;
				CURRENT_PROJECT_VERSION = 1;
				DEVELOPMENT_TEAM = RVJJ7NW374;
				GENERATE_INFOPLIST_FILE = YES;
				IPHONEOS_DEPLOYMENT_TARGET = 18.4;
				MARKETING_VERSION = 1.0;
				PRODUCT_BUNDLE_IDENTIFIER = com.ks.newsFeedTestTests;
				PRODUCT_NAME = "$(TARGET_NAME)";
				SWIFT_EMIT_LOC_STRINGS = NO;
				TARGETED_DEVICE_FAMILY = "1,2";
				TEST_HOST = "$(BUILT_PRODUCTS_DIR)/newsFeedTest.app/$(BUNDLE_EXECUTABLE_FOLDER_PATH)/newsFeedTest";
			};
			name = Debug;
		};
		34929D4B2DDDBB6000FA1E58 /* Release */ = {
			isa = XCBuildConfiguration;
			baseConfigurationReference = A6759D6AD4FC0C7415194E8A /* Pods-newsFeedTestTests.release.xcconfig */;
			buildSettings = {
				BUNDLE_LOADER = "$(TEST_HOST)";
				CODE_SIGN_STYLE = Automatic;
				CURRENT_PROJECT_VERSION = 1;
				DEVELOPMENT_TEAM = RVJJ7NW374;
				GENERATE_INFOPLIST_FILE = YES;
				IPHONEOS_DEPLOYMENT_TARGET = 18.4;
				MARKETING_VERSION = 1.0;
				PRODUCT_BUNDLE_IDENTIFIER = com.ks.newsFeedTestTests;
				PRODUCT_NAME = "$(TARGET_NAME)";
				SWIFT_EMIT_LOC_STRINGS = NO;
				TARGETED_DEVICE_FAMILY = "1,2";
				TEST_HOST = "$(BUILT_PRODUCTS_DIR)/newsFeedTest.app/$(BUNDLE_EXECUTABLE_FOLDER_PATH)/newsFeedTest";
			};
			name = Release;
		};
		34929D4D2DDDBB6000FA1E58 /* Debug */ = {
			isa = XCBuildConfiguration;
			baseConfigurationReference = 3DFA03BBA374DB982AB13602 /* Pods-newsFeedTest-newsFeedTestUITests.debug.xcconfig */;
			buildSettings = {
				CODE_SIGN_STYLE = Automatic;
				CURRENT_PROJECT_VERSION = 1;
				DEVELOPMENT_TEAM = RVJJ7NW374;
				GENERATE_INFOPLIST_FILE = YES;
				MARKETING_VERSION = 1.0;
				PRODUCT_BUNDLE_IDENTIFIER = com.ks.newsFeedTestUITests;
				PRODUCT_NAME = "$(TARGET_NAME)";
				SWIFT_EMIT_LOC_STRINGS = NO;
				TARGETED_DEVICE_FAMILY = "1,2";
				TEST_TARGET_NAME = newsFeedTest;
			};
			name = Debug;
		};
		34929D4E2DDDBB6000FA1E58 /* Release */ = {
			isa = XCBuildConfiguration;
			baseConfigurationReference = 096DF08DA233BB8E84DDDA8C /* Pods-newsFeedTest-newsFeedTestUITests.release.xcconfig */;
			buildSettings = {
				CODE_SIGN_STYLE = Automatic;
				CURRENT_PROJECT_VERSION = 1;
				DEVELOPMENT_TEAM = RVJJ7NW374;
				GENERATE_INFOPLIST_FILE = YES;
				MARKETING_VERSION = 1.0;
				PRODUCT_BUNDLE_IDENTIFIER = com.ks.newsFeedTestUITests;
				PRODUCT_NAME = "$(TARGET_NAME)";
				SWIFT_EMIT_LOC_STRINGS = NO;
				TARGETED_DEVICE_FAMILY = "1,2";
				TEST_TARGET_NAME = newsFeedTest;
			};
			name = Release;
		};
/* End XCBuildConfiguration section */

/* Begin XCConfigurationList section */
		34929D112DDDBB5E00FA1E58 /* Build configuration list for PBXProject "newsFeedTest" */ = {
			isa = XCConfigurationList;
			buildConfigurations = (
				34929D472DDDBB6000FA1E58 /* Debug */,
				34929D482DDDBB6000FA1E58 /* Release */,
			);
			defaultConfigurationIsVisible = 0;
			defaultConfigurationName = Release;
		};
		34929D442DDDBB6000FA1E58 /* Build configuration list for PBXNativeTarget "newsFeedTest" */ = {
			isa = XCConfigurationList;
			buildConfigurations = (
				34929D452DDDBB6000FA1E58 /* Debug */,
				34929D462DDDBB6000FA1E58 /* Release */,
			);
			defaultConfigurationIsVisible = 0;
			defaultConfigurationName = Release;
		};
		34929D492DDDBB6000FA1E58 /* Build configuration list for PBXNativeTarget "newsFeedTestTests" */ = {
			isa = XCConfigurationList;
			buildConfigurations = (
				34929D4A2DDDBB6000FA1E58 /* Debug */,
				34929D4B2DDDBB6000FA1E58 /* Release */,
			);
			defaultConfigurationIsVisible = 0;
			defaultConfigurationName = Release;
		};
		34929D4C2DDDBB6000FA1E58 /* Build configuration list for PBXNativeTarget "newsFeedTestUITests" */ = {
			isa = XCConfigurationList;
			buildConfigurations = (
				34929D4D2DDDBB6000FA1E58 /* Debug */,
				34929D4E2DDDBB6000FA1E58 /* Release */,
			);
			defaultConfigurationIsVisible = 0;
			defaultConfigurationName = Release;
		};
/* End XCConfigurationList section */
	};
	rootObject = 34929D0E2DDDBB5E00FA1E58 /* Project object */;
}
